
Microsoft Visual Studio Solution File, Format Version 12.00
# Visual Studio 2013
VisualStudioVersion = 12.0.30501.0
MinimumVisualStudioVersion = 10.0.40219.1
Project("{2150E333-8FDC-42A3-9474-1A3956D46DE8}") = "Demo 1 - Basic OWIN", "Demo 1 - Basic OWIN", "{57F9AC8E-FAB5-4F18-9D60-519C4E5D8C63}"
EndProject
Project("{FAE04EC0-301F-11D3-BF4B-00C04F79EFBC}") = "OSH", "OSH\OSH.csproj", "{A8FE07E3-8FFF-48CB-BAF7-BCD5C973ADC3}"
EndProject
Project("{FAE04EC0-301F-11D3-BF4B-00C04F79EFBC}") = "OWH", "OWH\OWH.csproj", "{C2CEA724-8EB9-49AD-BBF0-A80A93FFE0F3}"
EndProject
Project("{2150E333-8FDC-42A3-9474-1A3956D46DE8}") = "Demo 2 - Adding Nancy", "Demo 2 - Adding Nancy", "{2C2C5380-B3C8-4041-8DD3-773F79F1CDB0}"
EndProject
Project("{FAE04EC0-301F-11D3-BF4B-00C04F79EFBC}") = "OSHN", "OSHN\OSHN.csproj", "{8751E66B-BD38-4C84-AE8C-6444897D458E}"
EndProject
Project("{2150E333-8FDC-42A3-9474-1A3956D46DE8}") = "Demo 3 - Adding Views", "Demo 3 - Adding Views", "{B0AD8D6B-5FF1-4182-9C92-845BD7154081}"
EndProject
Project("{FAE04EC0-301F-11D3-BF4B-00C04F79EFBC}") = "OSHNWV", "OSHNWV\OSHNWV.csproj", "{3813045E-39AF-4305-9EA5-A0B63E448CC3}"
EndProject
Project("{FAE04EC0-301F-11D3-BF4B-00C04F79EFBC}") = "OSHNWVB", "OSHNWVB\OSHNWVB.csproj", "{9CE90F3A-53F5-434B-AE36-5FB902E6A0C2}"
EndProject
Project("{2150E333-8FDC-42A3-9474-1A3956D46DE8}") = "Demo 4 - Adding Angular", "Demo 4 - Adding Angular", "{9B0A1E19-2BDC-4A80-B9E6-BEE4CC11DC94}"
EndProject
Project("{FAE04EC0-301F-11D3-BF4B-00C04F79EFBC}") = "OSHNWVBA", "OSHNWVBA\OSHNWVBA.csproj", "{00B39C78-D4CC-4A67-957D-D902D67A6742}"
EndProject
Project("{2150E333-8FDC-42A3-9474-1A3956D46DE8}") = "Demo 5 - Adding SignalR", "Demo 5 - Adding SignalR", "{1ED4AE10-A2CD-4684-B417-2F33A1CE56CE}"
EndProject
Project("{FAE04EC0-301F-11D3-BF4B-00C04F79EFBC}") = "OSHNWVBAS", "OSHNWVBAS\OSHNWVBAS.csproj", "{2725657F-2045-48E2-B3E5-D28ECBE67984}"
EndProject
Project("{2150E333-8FDC-42A3-9474-1A3956D46DE8}") = ".nuget", ".nuget", "{1E7E8974-0C1B-4D2E-BC53-617C09F8EB4A}"
	ProjectSection(SolutionItems) = preProject
		.nuget\NuGet.Config = .nuget\NuGet.Config
		.nuget\NuGet.exe = .nuget\NuGet.exe
		.nuget\NuGet.targets = .nuget\NuGet.targets
	EndProjectSection
EndProject
Project("{2150E333-8FDC-42A3-9474-1A3956D46DE8}") = "Solution Items", "Solution Items", "{E09D3FBB-DE60-44D7-BF71-4964D5BEC45B}"
	ProjectSection(SolutionItems) = preProject
		NuGetPackages.txt = NuGetPackages.txt
	EndProjectSection
EndProject
Global
	GlobalSection(SolutionConfigurationPlatforms) = preSolution
		Debug|Any CPU = Debug|Any CPU
		Release|Any CPU = Release|Any CPU
	EndGlobalSection
	GlobalSection(ProjectConfigurationPlatforms) = postSolution
		{A8FE07E3-8FFF-48CB-BAF7-BCD5C973ADC3}.Debug|Any CPU.ActiveCfg = Debug|Any CPU
		{A8FE07E3-8FFF-48CB-BAF7-BCD5C973ADC3}.Debug|Any CPU.Build.0 = Debug|Any CPU
		{A8FE07E3-8FFF-48CB-BAF7-BCD5C973ADC3}.Release|Any CPU.ActiveCfg = Release|Any CPU
		{A8FE07E3-8FFF-48CB-BAF7-BCD5C973ADC3}.Release|Any CPU.Build.0 = Release|Any CPU
		{C2CEA724-8EB9-49AD-BBF0-A80A93FFE0F3}.Debug|Any CPU.ActiveCfg = Debug|Any CPU
		{C2CEA724-8EB9-49AD-BBF0-A80A93FFE0F3}.Debug|Any CPU.Build.0 = Debug|Any CPU
		{C2CEA724-8EB9-49AD-BBF0-A80A93FFE0F3}.Release|Any CPU.ActiveCfg = Release|Any CPU
		{C2CEA724-8EB9-49AD-BBF0-A80A93FFE0F3}.Release|Any CPU.Build.0 = Release|Any CPU
		{8751E66B-BD38-4C84-AE8C-6444897D458E}.Debug|Any CPU.ActiveCfg = Debug|Any CPU
		{8751E66B-BD38-4C84-AE8C-6444897D458E}.Debug|Any CPU.Build.0 = Debug|Any CPU
		{8751E66B-BD38-4C84-AE8C-6444897D458E}.Release|Any CPU.ActiveCfg = Release|Any CPU
		{8751E66B-BD38-4C84-AE8C-6444897D458E}.Release|Any CPU.Build.0 = Release|Any CPU
		{3813045E-39AF-4305-9EA5-A0B63E448CC3}.Debug|Any CPU.ActiveCfg = Debug|Any CPU
		{3813045E-39AF-4305-9EA5-A0B63E448CC3}.Debug|Any CPU.Build.0 = Debug|Any CPU
		{3813045E-39AF-4305-9EA5-A0B63E448CC3}.Release|Any CPU.ActiveCfg = Release|Any CPU
		{3813045E-39AF-4305-9EA5-A0B63E448CC3}.Release|Any CPU.Build.0 = Release|Any CPU
		{9CE90F3A-53F5-434B-AE36-5FB902E6A0C2}.Debug|Any CPU.ActiveCfg = Debug|Any CPU
		{9CE90F3A-53F5-434B-AE36-5FB902E6A0C2}.Debug|Any CPU.Build.0 = Debug|Any CPU
		{9CE90F3A-53F5-434B-AE36-5FB902E6A0C2}.Release|Any CPU.ActiveCfg = Release|Any CPU
		{9CE90F3A-53F5-434B-AE36-5FB902E6A0C2}.Release|Any CPU.Build.0 = Release|Any CPU
		{00B39C78-D4CC-4A67-957D-D902D67A6742}.Debug|Any CPU.ActiveCfg = Debug|Any CPU
		{00B39C78-D4CC-4A67-957D-D902D67A6742}.Debug|Any CPU.Build.0 = Debug|Any CPU
		{00B39C78-D4CC-4A67-957D-D902D67A6742}.Release|Any CPU.ActiveCfg = Release|Any CPU
		{00B39C78-D4CC-4A67-957D-D902D67A6742}.Release|Any CPU.Build.0 = Release|Any CPU
		{2725657F-2045-48E2-B3E5-D28ECBE67984}.Debug|Any CPU.ActiveCfg = Debug|Any CPU
		{2725657F-2045-48E2-B3E5-D28ECBE67984}.Debug|Any CPU.Build.0 = Debug|Any CPU
		{2725657F-2045-48E2-B3E5-D28ECBE67984}.Release|Any CPU.ActiveCfg = Release|Any CPU
		{2725657F-2045-48E2-B3E5-D28ECBE67984}.Release|Any CPU.Build.0 = Release|Any CPU
	EndGlobalSection
	GlobalSection(SolutionProperties) = preSolution
		HideSolutionNode = FALSE
	EndGlobalSection
	GlobalSection(NestedProjects) = preSolution
		{A8FE07E3-8FFF-48CB-BAF7-BCD5C973ADC3} = {57F9AC8E-FAB5-4F18-9D60-519C4E5D8C63}
		{C2CEA724-8EB9-49AD-BBF0-A80A93FFE0F3} = {57F9AC8E-FAB5-4F18-9D60-519C4E5D8C63}
		{8751E66B-BD38-4C84-AE8C-6444897D458E} = {2C2C5380-B3C8-4041-8DD3-773F79F1CDB0}
		{3813045E-39AF-4305-9EA5-A0B63E448CC3} = {B0AD8D6B-5FF1-4182-9C92-845BD7154081}
		{9CE90F3A-53F5-434B-AE36-5FB902E6A0C2} = {B0AD8D6B-5FF1-4182-9C92-845BD7154081}
		{00B39C78-D4CC-4A67-957D-D902D67A6742} = {9B0A1E19-2BDC-4A80-B9E6-BEE4CC11DC94}
		{2725657F-2045-48E2-B3E5-D28ECBE67984} = {1ED4AE10-A2CD-4684-B417-2F33A1CE56CE}
	EndGlobalSection
EndGlobal
